// !$*UTF8*$!
{
	archiveVersion = 1;
	classes = {
	};
	objectVersion = 52;
	objects = {

/* Begin PBXBuildFile section */
		1E90E08AC17E1F505978F41B /* ShowsListCell.swift in Sources */ = {isa = PBXBuildFile; fileRef = 1E90EEC31213EE5D4C641912 /* ShowsListCell.swift */; };
		1E90E1B8624EC42089BCE5AD /* ShowDetailsCoordinator.swift in Sources */ = {isa = PBXBuildFile; fileRef = 1E90E515DE4D612F9C64FB2D /* ShowDetailsCoordinator.swift */; };
		1E90E1EABE0344D130148BD1 /* ShowsSearchCoordinator.swift in Sources */ = {isa = PBXBuildFile; fileRef = 1E90E8E059C3B0CAE36F80EA /* ShowsSearchCoordinator.swift */; };
		1E90E1F769F637EA1702781B /* Embeddable.swift in Sources */ = {isa = PBXBuildFile; fileRef = 1E90E16C700054A9657D55B1 /* Embeddable.swift */; };
		1E90E24A43C1CC1DFB05F424 /* ShowsViewController.swift in Sources */ = {isa = PBXBuildFile; fileRef = 1E90E71834FA5F37D7E60B85 /* ShowsViewController.swift */; };
		1E90E280043072AE1F4E5E3D /* Window.swift in Sources */ = {isa = PBXBuildFile; fileRef = 1E90E28E6EBC2517AB24F60E /* Window.swift */; };
		1E90E28913F851AE396FFA92 /* Show.swift in Sources */ = {isa = PBXBuildFile; fileRef = 1E90E122ECBFFEF20AF7FBA6 /* Show.swift */; };
		1E90E32BAE8FFC319D2C58DA /* ShowDetailsViewController.swift in Sources */ = {isa = PBXBuildFile; fileRef = 1E90EECD875BCFC833E27399 /* ShowDetailsViewController.swift */; };
		1E90E3AB72E683FD9B13EBAD /* ShowsProvider.swift in Sources */ = {isa = PBXBuildFile; fileRef = 1E90EC370371100839884932 /* ShowsProvider.swift */; };
		1E90E3FDE20AAAF5A6B7AB65 /* ShowsContaining.swift in Sources */ = {isa = PBXBuildFile; fileRef = 1E90E8E830B54613C161A4D5 /* ShowsContaining.swift */; };
		1E90E4918CC4849AA1A70D35 /* ShowsSearchViewController.swift in Sources */ = {isa = PBXBuildFile; fileRef = 1E90E65AE0BA00EC5736CF60 /* ShowsSearchViewController.swift */; };
		1E90E4FF962E5D350D7D962E /* Episode.swift in Sources */ = {isa = PBXBuildFile; fileRef = 1E90EDFBAC7FC976B45116FC /* Episode.swift */; };
		1E90E521D4414FCA5941AA8F /* NetworkSession.swift in Sources */ = {isa = PBXBuildFile; fileRef = 1E90EFA05B770C69CEAD7C96 /* NetworkSession.swift */; };
		1E90E56B582E58E481AC3ADD /* ShowsState.swift in Sources */ = {isa = PBXBuildFile; fileRef = 1E90E535E45311279615E8CF /* ShowsState.swift */; };
		1E90E5A71CC0C352967C8680 /* ShowDetailsState.swift in Sources */ = {isa = PBXBuildFile; fileRef = 1E90EEA803B9FC0557FB756C /* ShowDetailsState.swift */; };
		1E90E62D9459AEA53497D5F7 /* Show+SearchResult.swift in Sources */ = {isa = PBXBuildFile; fileRef = 1E90EE5EAAF6E3611559B26E /* Show+SearchResult.swift */; };
		1E90E66AA049F6803913DD72 /* View.swift in Sources */ = {isa = PBXBuildFile; fileRef = 1E90E08DC82F259CD3E023D2 /* View.swift */; };
		1E90E770B41744EBA3F56412 /* ShowDetailsDownloader.swift in Sources */ = {isa = PBXBuildFile; fileRef = 1E90E0B78020BC6F2BCAF353 /* ShowDetailsDownloader.swift */; };
		1E90E7B699C4AAB3AC7D43D5 /* ShowCoverView.swift in Sources */ = {isa = PBXBuildFile; fileRef = 1E90E12978BF8EC83EDCC499 /* ShowCoverView.swift */; };
		1E90E7D24D1C3270FC2BCAB4 /* ShowsSearchState.swift in Sources */ = {isa = PBXBuildFile; fileRef = 1E90EE2FB73891F8C6267530 /* ShowsSearchState.swift */; };
		1E90E838DCDFD8DF6C258309 /* UITabsEmbedder.swift in Sources */ = {isa = PBXBuildFile; fileRef = 1E90EA7E2F35D844D6572DED /* UITabsEmbedder.swift */; };
		1E90E8610FA05034928A144B /* Show+Index.swift in Sources */ = {isa = PBXBuildFile; fileRef = 1E90EBC3130D4A30222083D0 /* Show+Index.swift */; };
		1E90E8AC44D8853B132DB53C /* ShowDetailsViewModel.swift in Sources */ = {isa = PBXBuildFile; fileRef = 1E90EB1930F01999B800849F /* ShowDetailsViewModel.swift */; };
		1E90E8FE9B920683319A4D5D /* ShowsSearchInteractor.swift in Sources */ = {isa = PBXBuildFile; fileRef = 1E90E547E2D3339EA745817C /* ShowsSearchInteractor.swift */; };
		1E90E9C51A3F871B92013D91 /* ShowsDownloader.swift in Sources */ = {isa = PBXBuildFile; fileRef = 1E90EE706ACF39E62A6CC123 /* ShowsDownloader.swift */; };
		1E90EA0633B5C0BD790C3CC2 /* Navigable.swift in Sources */ = {isa = PBXBuildFile; fileRef = 1E90E4E75FDEE28B115C2EC1 /* Navigable.swift */; };
		1E90EA2FBB529ACF387C24DF /* ShowsInteractor.swift in Sources */ = {isa = PBXBuildFile; fileRef = 1E90EAE7CB882BB8464DAF49 /* ShowsInteractor.swift */; };
		1E90EA7AF13C1F2F74723EE6 /* SceneDelegate.swift in Sources */ = {isa = PBXBuildFile; fileRef = 1E90E96DFAB9BB952602DBF6 /* SceneDelegate.swift */; };
		1E90EB08FF48142C56534C99 /* ReusableView.swift in Sources */ = {isa = PBXBuildFile; fileRef = 1E90ED41AEF3EA5CA8EE1621 /* ReusableView.swift */; };
		1E90EB820EA3D244F0A1BFD2 /* NavigationController.swift in Sources */ = {isa = PBXBuildFile; fileRef = 1E90E7FAF792CA7B2365C665 /* NavigationController.swift */; };
		1E90EC26781BE30D4FEDA904 /* ShowsTableViewDataSource.swift in Sources */ = {isa = PBXBuildFile; fileRef = 1E90E343F6686C3BAB997D72 /* ShowsTableViewDataSource.swift */; };
		1E90ED0AB75BB1C01AB2CA5A /* ShowsViewModel.swift in Sources */ = {isa = PBXBuildFile; fileRef = 1E90E3ACDAADEEE924902B50 /* ShowsViewModel.swift */; };
		1E90ED4DAAA231D70F0B19F3 /* ShowsCoordinator.swift in Sources */ = {isa = PBXBuildFile; fileRef = 1E90E5EEFAC3C3FB7AFD60F5 /* ShowsCoordinator.swift */; };
		1E90EDAE49B7C06069531041 /* ShowDetailsInteractor.swift in Sources */ = {isa = PBXBuildFile; fileRef = 1E90EB72953799B886908E70 /* ShowDetailsInteractor.swift */; };
		1E90EE78EEB36C97610A5E65 /* Session.swift in Sources */ = {isa = PBXBuildFile; fileRef = 1E90EBEC2FBE5AEA2E716411 /* Session.swift */; };
		1E90EE85ACE8CAFF6E686BC1 /* RootCoordinator.swift in Sources */ = {isa = PBXBuildFile; fileRef = 1E90E63152722794648A0425 /* RootCoordinator.swift */; };
		1E90EEA8DE3111E60A16EF4F /* UITableView+Extensions.swift in Sources */ = {isa = PBXBuildFile; fileRef = 1E90E558E0939FDBDD805276 /* UITableView+Extensions.swift */; };
		1E90EF0418035F3B78A81397 /* AppDelegate.swift in Sources */ = {isa = PBXBuildFile; fileRef = 1E90E92E421A19542A299E34 /* AppDelegate.swift */; };
		1E90EF0EB13E94846F89B7E2 /* ShowEpisodesDataSource.swift in Sources */ = {isa = PBXBuildFile; fileRef = 1E90EA6B492B706E4230155B /* ShowEpisodesDataSource.swift */; };
		1E90EF7A08688B033AEEEAF0 /* RootViewController.swift in Sources */ = {isa = PBXBuildFile; fileRef = 1E90EB612DD7C5F9D3461FB9 /* RootViewController.swift */; };
		1E90EFC2178C8E15F798E7ED /* ShowsSearchViewModel.swift in Sources */ = {isa = PBXBuildFile; fileRef = 1E90E00BE40A001902848637 /* ShowsSearchViewModel.swift */; };
		2705B6D726F240BA00E65A77 /* Kingfisher in Frameworks */ = {isa = PBXBuildFile; productRef = 2705B6D626F240BA00E65A77 /* Kingfisher */; };
		27D7FC0226EFA64900360ADB /* Assets.xcassets in Resources */ = {isa = PBXBuildFile; fileRef = 27D7FC0126EFA64900360ADB /* Assets.xcassets */; };
		27D7FC0526EFA64900360ADB /* LaunchScreen.storyboard in Resources */ = {isa = PBXBuildFile; fileRef = 27D7FC0326EFA64900360ADB /* LaunchScreen.storyboard */; };
		27D7FC1026EFA64900360ADB /* ScreenLifeMazeTests.swift in Sources */ = {isa = PBXBuildFile; fileRef = 27D7FC0F26EFA64900360ADB /* ScreenLifeMazeTests.swift */; };
		27D7FC1B26EFA64900360ADB /* ScreenLifeMazeUITests.swift in Sources */ = {isa = PBXBuildFile; fileRef = 27D7FC1A26EFA64900360ADB /* ScreenLifeMazeUITests.swift */; };
/* End PBXBuildFile section */

/* Begin PBXContainerItemProxy section */
		27D7FC0C26EFA64900360ADB /* PBXContainerItemProxy */ = {
			isa = PBXContainerItemProxy;
			containerPortal = 27D7FBED26EFA64900360ADB /* Project object */;
			proxyType = 1;
			remoteGlobalIDString = 27D7FBF426EFA64900360ADB;
			remoteInfo = ScreenLifeMaze;
		};
		27D7FC1726EFA64900360ADB /* PBXContainerItemProxy */ = {
			isa = PBXContainerItemProxy;
			containerPortal = 27D7FBED26EFA64900360ADB /* Project object */;
			proxyType = 1;
			remoteGlobalIDString = 27D7FBF426EFA64900360ADB;
			remoteInfo = ScreenLifeMaze;
		};
/* End PBXContainerItemProxy section */

/* Begin PBXFileReference section */
		1E90E00BE40A001902848637 /* ShowsSearchViewModel.swift */ = {isa = PBXFileReference; fileEncoding = 4; lastKnownFileType = sourcecode.swift; path = ShowsSearchViewModel.swift; sourceTree = "<group>"; };
		1E90E08DC82F259CD3E023D2 /* View.swift */ = {isa = PBXFileReference; fileEncoding = 4; lastKnownFileType = sourcecode.swift; path = View.swift; sourceTree = "<group>"; };
		1E90E0B78020BC6F2BCAF353 /* ShowDetailsDownloader.swift */ = {isa = PBXFileReference; fileEncoding = 4; lastKnownFileType = sourcecode.swift; path = ShowDetailsDownloader.swift; sourceTree = "<group>"; };
		1E90E122ECBFFEF20AF7FBA6 /* Show.swift */ = {isa = PBXFileReference; fileEncoding = 4; lastKnownFileType = sourcecode.swift; path = Show.swift; sourceTree = "<group>"; };
		1E90E12978BF8EC83EDCC499 /* ShowCoverView.swift */ = {isa = PBXFileReference; fileEncoding = 4; lastKnownFileType = sourcecode.swift; path = ShowCoverView.swift; sourceTree = "<group>"; };
		1E90E13CC364ECD9BF78B4FF /* Info.plist */ = {isa = PBXFileReference; fileEncoding = 4; lastKnownFileType = text.plist.xml; path = Info.plist; sourceTree = "<group>"; };
		1E90E16C700054A9657D55B1 /* Embeddable.swift */ = {isa = PBXFileReference; fileEncoding = 4; lastKnownFileType = sourcecode.swift; path = Embeddable.swift; sourceTree = "<group>"; };
		1E90E28E6EBC2517AB24F60E /* Window.swift */ = {isa = PBXFileReference; fileEncoding = 4; lastKnownFileType = sourcecode.swift; path = Window.swift; sourceTree = "<group>"; };
		1E90E343F6686C3BAB997D72 /* ShowsTableViewDataSource.swift */ = {isa = PBXFileReference; fileEncoding = 4; lastKnownFileType = sourcecode.swift; path = ShowsTableViewDataSource.swift; sourceTree = "<group>"; };
		1E90E3ACDAADEEE924902B50 /* ShowsViewModel.swift */ = {isa = PBXFileReference; fileEncoding = 4; lastKnownFileType = sourcecode.swift; path = ShowsViewModel.swift; sourceTree = "<group>"; };
		1E90E4E75FDEE28B115C2EC1 /* Navigable.swift */ = {isa = PBXFileReference; fileEncoding = 4; lastKnownFileType = sourcecode.swift; path = Navigable.swift; sourceTree = "<group>"; };
		1E90E515DE4D612F9C64FB2D /* ShowDetailsCoordinator.swift */ = {isa = PBXFileReference; fileEncoding = 4; lastKnownFileType = sourcecode.swift; path = ShowDetailsCoordinator.swift; sourceTree = "<group>"; };
		1E90E535E45311279615E8CF /* ShowsState.swift */ = {isa = PBXFileReference; fileEncoding = 4; lastKnownFileType = sourcecode.swift; path = ShowsState.swift; sourceTree = "<group>"; };
		1E90E547E2D3339EA745817C /* ShowsSearchInteractor.swift */ = {isa = PBXFileReference; fileEncoding = 4; lastKnownFileType = sourcecode.swift; path = ShowsSearchInteractor.swift; sourceTree = "<group>"; };
		1E90E558E0939FDBDD805276 /* UITableView+Extensions.swift */ = {isa = PBXFileReference; fileEncoding = 4; lastKnownFileType = sourcecode.swift; path = "UITableView+Extensions.swift"; sourceTree = "<group>"; };
		1E90E5EEFAC3C3FB7AFD60F5 /* ShowsCoordinator.swift */ = {isa = PBXFileReference; fileEncoding = 4; lastKnownFileType = sourcecode.swift; path = ShowsCoordinator.swift; sourceTree = "<group>"; };
		1E90E63152722794648A0425 /* RootCoordinator.swift */ = {isa = PBXFileReference; fileEncoding = 4; lastKnownFileType = sourcecode.swift; path = RootCoordinator.swift; sourceTree = "<group>"; };
		1E90E65AE0BA00EC5736CF60 /* ShowsSearchViewController.swift */ = {isa = PBXFileReference; fileEncoding = 4; lastKnownFileType = sourcecode.swift; path = ShowsSearchViewController.swift; sourceTree = "<group>"; };
		1E90E71834FA5F37D7E60B85 /* ShowsViewController.swift */ = {isa = PBXFileReference; fileEncoding = 4; lastKnownFileType = sourcecode.swift; path = ShowsViewController.swift; sourceTree = "<group>"; };
		1E90E7FAF792CA7B2365C665 /* NavigationController.swift */ = {isa = PBXFileReference; fileEncoding = 4; lastKnownFileType = sourcecode.swift; path = NavigationController.swift; sourceTree = "<group>"; };
		1E90E8E059C3B0CAE36F80EA /* ShowsSearchCoordinator.swift */ = {isa = PBXFileReference; fileEncoding = 4; lastKnownFileType = sourcecode.swift; path = ShowsSearchCoordinator.swift; sourceTree = "<group>"; };
		1E90E8E830B54613C161A4D5 /* ShowsContaining.swift */ = {isa = PBXFileReference; fileEncoding = 4; lastKnownFileType = sourcecode.swift; path = ShowsContaining.swift; sourceTree = "<group>"; };
		1E90E92E421A19542A299E34 /* AppDelegate.swift */ = {isa = PBXFileReference; fileEncoding = 4; lastKnownFileType = sourcecode.swift; path = AppDelegate.swift; sourceTree = "<group>"; };
		1E90E96DFAB9BB952602DBF6 /* SceneDelegate.swift */ = {isa = PBXFileReference; fileEncoding = 4; lastKnownFileType = sourcecode.swift; path = SceneDelegate.swift; sourceTree = "<group>"; };
		1E90EA6B492B706E4230155B /* ShowEpisodesDataSource.swift */ = {isa = PBXFileReference; fileEncoding = 4; lastKnownFileType = sourcecode.swift; path = ShowEpisodesDataSource.swift; sourceTree = "<group>"; };
		1E90EA7E2F35D844D6572DED /* UITabsEmbedder.swift */ = {isa = PBXFileReference; fileEncoding = 4; lastKnownFileType = sourcecode.swift; path = UITabsEmbedder.swift; sourceTree = "<group>"; };
		1E90EAE7CB882BB8464DAF49 /* ShowsInteractor.swift */ = {isa = PBXFileReference; fileEncoding = 4; lastKnownFileType = sourcecode.swift; path = ShowsInteractor.swift; sourceTree = "<group>"; };
		1E90EB1930F01999B800849F /* ShowDetailsViewModel.swift */ = {isa = PBXFileReference; fileEncoding = 4; lastKnownFileType = sourcecode.swift; path = ShowDetailsViewModel.swift; sourceTree = "<group>"; };
		1E90EB612DD7C5F9D3461FB9 /* RootViewController.swift */ = {isa = PBXFileReference; fileEncoding = 4; lastKnownFileType = sourcecode.swift; path = RootViewController.swift; sourceTree = "<group>"; };
		1E90EB72953799B886908E70 /* ShowDetailsInteractor.swift */ = {isa = PBXFileReference; fileEncoding = 4; lastKnownFileType = sourcecode.swift; path = ShowDetailsInteractor.swift; sourceTree = "<group>"; };
		1E90EBC3130D4A30222083D0 /* Show+Index.swift */ = {isa = PBXFileReference; fileEncoding = 4; lastKnownFileType = sourcecode.swift; path = "Show+Index.swift"; sourceTree = "<group>"; };
		1E90EBEC2FBE5AEA2E716411 /* Session.swift */ = {isa = PBXFileReference; fileEncoding = 4; lastKnownFileType = sourcecode.swift; path = Session.swift; sourceTree = "<group>"; };
		1E90EC370371100839884932 /* ShowsProvider.swift */ = {isa = PBXFileReference; fileEncoding = 4; lastKnownFileType = sourcecode.swift; path = ShowsProvider.swift; sourceTree = "<group>"; };
		1E90ED41AEF3EA5CA8EE1621 /* ReusableView.swift */ = {isa = PBXFileReference; fileEncoding = 4; lastKnownFileType = sourcecode.swift; path = ReusableView.swift; sourceTree = "<group>"; };
		1E90EDFBAC7FC976B45116FC /* Episode.swift */ = {isa = PBXFileReference; fileEncoding = 4; lastKnownFileType = sourcecode.swift; path = Episode.swift; sourceTree = "<group>"; };
		1E90EE2FB73891F8C6267530 /* ShowsSearchState.swift */ = {isa = PBXFileReference; fileEncoding = 4; lastKnownFileType = sourcecode.swift; path = ShowsSearchState.swift; sourceTree = "<group>"; };
		1E90EE5EAAF6E3611559B26E /* Show+SearchResult.swift */ = {isa = PBXFileReference; fileEncoding = 4; lastKnownFileType = sourcecode.swift; path = "Show+SearchResult.swift"; sourceTree = "<group>"; };
		1E90EE706ACF39E62A6CC123 /* ShowsDownloader.swift */ = {isa = PBXFileReference; fileEncoding = 4; lastKnownFileType = sourcecode.swift; path = ShowsDownloader.swift; sourceTree = "<group>"; };
		1E90EEA803B9FC0557FB756C /* ShowDetailsState.swift */ = {isa = PBXFileReference; fileEncoding = 4; lastKnownFileType = sourcecode.swift; path = ShowDetailsState.swift; sourceTree = "<group>"; };
		1E90EEC31213EE5D4C641912 /* ShowsListCell.swift */ = {isa = PBXFileReference; fileEncoding = 4; lastKnownFileType = sourcecode.swift; path = ShowsListCell.swift; sourceTree = "<group>"; };
		1E90EECD875BCFC833E27399 /* ShowDetailsViewController.swift */ = {isa = PBXFileReference; fileEncoding = 4; lastKnownFileType = sourcecode.swift; path = ShowDetailsViewController.swift; sourceTree = "<group>"; };
		1E90EFA05B770C69CEAD7C96 /* NetworkSession.swift */ = {isa = PBXFileReference; fileEncoding = 4; lastKnownFileType = sourcecode.swift; path = NetworkSession.swift; sourceTree = "<group>"; };
		27D7FBF526EFA64900360ADB /* ScreenLifeMaze.app */ = {isa = PBXFileReference; explicitFileType = wrapper.application; includeInIndex = 0; path = ScreenLifeMaze.app; sourceTree = BUILT_PRODUCTS_DIR; };
		27D7FC0126EFA64900360ADB /* Assets.xcassets */ = {isa = PBXFileReference; lastKnownFileType = folder.assetcatalog; path = Assets.xcassets; sourceTree = "<group>"; };
		27D7FC0426EFA64900360ADB /* Base */ = {isa = PBXFileReference; lastKnownFileType = file.storyboard; name = Base; path = Base.lproj/LaunchScreen.storyboard; sourceTree = "<group>"; };
		27D7FC0B26EFA64900360ADB /* ScreenLifeMazeTests.xctest */ = {isa = PBXFileReference; explicitFileType = wrapper.cfbundle; includeInIndex = 0; path = ScreenLifeMazeTests.xctest; sourceTree = BUILT_PRODUCTS_DIR; };
		27D7FC0F26EFA64900360ADB /* ScreenLifeMazeTests.swift */ = {isa = PBXFileReference; lastKnownFileType = sourcecode.swift; path = ScreenLifeMazeTests.swift; sourceTree = "<group>"; };
		27D7FC1126EFA64900360ADB /* Info.plist */ = {isa = PBXFileReference; lastKnownFileType = text.plist.xml; path = Info.plist; sourceTree = "<group>"; };
		27D7FC1626EFA64900360ADB /* ScreenLifeMazeUITests.xctest */ = {isa = PBXFileReference; explicitFileType = wrapper.cfbundle; includeInIndex = 0; path = ScreenLifeMazeUITests.xctest; sourceTree = BUILT_PRODUCTS_DIR; };
		27D7FC1A26EFA64900360ADB /* ScreenLifeMazeUITests.swift */ = {isa = PBXFileReference; lastKnownFileType = sourcecode.swift; path = ScreenLifeMazeUITests.swift; sourceTree = "<group>"; };
		27D7FC1C26EFA64900360ADB /* Info.plist */ = {isa = PBXFileReference; lastKnownFileType = text.plist.xml; path = Info.plist; sourceTree = "<group>"; };
/* End PBXFileReference section */

/* Begin PBXFrameworksBuildPhase section */
		27D7FBF226EFA64900360ADB /* Frameworks */ = {
			isa = PBXFrameworksBuildPhase;
			buildActionMask = 2147483647;
			files = (
				2705B6D726F240BA00E65A77 /* Kingfisher in Frameworks */,
			);
			runOnlyForDeploymentPostprocessing = 0;
		};
		27D7FC0826EFA64900360ADB /* Frameworks */ = {
			isa = PBXFrameworksBuildPhase;
			buildActionMask = 2147483647;
			files = (
			);
			runOnlyForDeploymentPostprocessing = 0;
		};
		27D7FC1326EFA64900360ADB /* Frameworks */ = {
			isa = PBXFrameworksBuildPhase;
			buildActionMask = 2147483647;
			files = (
			);
			runOnlyForDeploymentPostprocessing = 0;
		};
/* End PBXFrameworksBuildPhase section */

/* Begin PBXGroup section */
		1E90E122A8CE54F04689913D /* Show */ = {
			isa = PBXGroup;
			children = (
				1E90E515DE4D612F9C64FB2D /* ShowDetailsCoordinator.swift */,
				1E90EECD875BCFC833E27399 /* ShowDetailsViewController.swift */,
				1E90EEA803B9FC0557FB756C /* ShowDetailsState.swift */,
				1E90EB1930F01999B800849F /* ShowDetailsViewModel.swift */,
				1E90EB72953799B886908E70 /* ShowDetailsInteractor.swift */,
				1E90EF828C567B9D2DDCF843 /* API */,
				1E90E12978BF8EC83EDCC499 /* ShowCoverView.swift */,
				1E90EA6B492B706E4230155B /* ShowEpisodesDataSource.swift */,
			);
			path = Show;
			sourceTree = "<group>";
		};
		1E90E4B9C17969B6583EC13A /* Aux Protocols */ = {
			isa = PBXGroup;
			children = (
				1E90E28E6EBC2517AB24F60E /* Window.swift */,
				1E90E08DC82F259CD3E023D2 /* View.swift */,
				1E90E16C700054A9657D55B1 /* Embeddable.swift */,
				1E90EFA05B770C69CEAD7C96 /* NetworkSession.swift */,
				1E90ED41AEF3EA5CA8EE1621 /* ReusableView.swift */,
				1E90E4E75FDEE28B115C2EC1 /* Navigable.swift */,
			);
			path = "Aux Protocols";
			sourceTree = "<group>";
		};
		1E90E53E4E33B13D9F2090B4 /* Search */ = {
			isa = PBXGroup;
			children = (
				1E90E8E059C3B0CAE36F80EA /* ShowsSearchCoordinator.swift */,
				1E90E65AE0BA00EC5736CF60 /* ShowsSearchViewController.swift */,
				1E90EE2FB73891F8C6267530 /* ShowsSearchState.swift */,
				1E90E00BE40A001902848637 /* ShowsSearchViewModel.swift */,
				1E90E547E2D3339EA745817C /* ShowsSearchInteractor.swift */,
			);
			path = Search;
			sourceTree = "<group>";
		};
		1E90EBB3897ACEE2DD953E93 /* Root */ = {
			isa = PBXGroup;
			children = (
				1E90E63152722794648A0425 /* RootCoordinator.swift */,
				1E90EB612DD7C5F9D3461FB9 /* RootViewController.swift */,
				1E90EA7E2F35D844D6572DED /* UITabsEmbedder.swift */,
			);
			path = Root;
			sourceTree = "<group>";
		};
		1E90EC93B663FD4907573358 /* Utils */ = {
			isa = PBXGroup;
			children = (
				1E90E8E830B54613C161A4D5 /* ShowsContaining.swift */,
				1E90E343F6686C3BAB997D72 /* ShowsTableViewDataSource.swift */,
				1E90EEC31213EE5D4C641912 /* ShowsListCell.swift */,
			);
			path = Utils;
			sourceTree = "<group>";
		};
		1E90ED0DEB2102717A4713AC /* Shows */ = {
			isa = PBXGroup;
			children = (
				1E90E5EEFAC3C3FB7AFD60F5 /* ShowsCoordinator.swift */,
				1E90E71834FA5F37D7E60B85 /* ShowsViewController.swift */,
				1E90EAE7CB882BB8464DAF49 /* ShowsInteractor.swift */,
				1E90E535E45311279615E8CF /* ShowsState.swift */,
				1E90E3ACDAADEEE924902B50 /* ShowsViewModel.swift */,
				1E90ED38DE11FC056FF69523 /* API */,
				1E90E53E4E33B13D9F2090B4 /* Search */,
				1E90EC93B663FD4907573358 /* Utils */,
			);
			path = Shows;
			sourceTree = "<group>";
		};
		1E90ED38DE11FC056FF69523 /* API */ = {
			isa = PBXGroup;
			children = (
				1E90EC370371100839884932 /* ShowsProvider.swift */,
				1E90EE706ACF39E62A6CC123 /* ShowsDownloader.swift */,
				1E90EBC3130D4A30222083D0 /* Show+Index.swift */,
				1E90EE5EAAF6E3611559B26E /* Show+SearchResult.swift */,
			);
			path = API;
			sourceTree = "<group>";
		};
		1E90EF828C567B9D2DDCF843 /* API */ = {
			isa = PBXGroup;
			children = (
				1E90E0B78020BC6F2BCAF353 /* ShowDetailsDownloader.swift */,
				1E90E122ECBFFEF20AF7FBA6 /* Show.swift */,
				1E90EDFBAC7FC976B45116FC /* Episode.swift */,
			);
			path = API;
			sourceTree = "<group>";
		};
		1E90EFCBF250C2FB5ABEA161 /* App */ = {
			isa = PBXGroup;
			children = (
				1E90E92E421A19542A299E34 /* AppDelegate.swift */,
				1E90E96DFAB9BB952602DBF6 /* SceneDelegate.swift */,
				1E90EBEC2FBE5AEA2E716411 /* Session.swift */,
			);
			path = App;
			sourceTree = "<group>";
		};
		2705B6D526F240BA00E65A77 /* Frameworks */ = {
			isa = PBXGroup;
			children = (
			);
			name = Frameworks;
			sourceTree = "<group>";
		};
		27D7FBEC26EFA64900360ADB = {
			isa = PBXGroup;
			children = (
				27D7FBF726EFA64900360ADB /* ScreenLifeMaze */,
				27D7FC0E26EFA64900360ADB /* ScreenLifeMazeTests */,
				27D7FC1926EFA64900360ADB /* ScreenLifeMazeUITests */,
				27D7FBF626EFA64900360ADB /* Products */,
				2705B6D526F240BA00E65A77 /* Frameworks */,
			);
			sourceTree = "<group>";
		};
		27D7FBF626EFA64900360ADB /* Products */ = {
			isa = PBXGroup;
			children = (
				27D7FBF526EFA64900360ADB /* ScreenLifeMaze.app */,
				27D7FC0B26EFA64900360ADB /* ScreenLifeMazeTests.xctest */,
				27D7FC1626EFA64900360ADB /* ScreenLifeMazeUITests.xctest */,
			);
			name = Products;
			sourceTree = "<group>";
		};
		27D7FBF726EFA64900360ADB /* ScreenLifeMaze */ = {
			isa = PBXGroup;
			children = (
				1E90E13CC364ECD9BF78B4FF /* Info.plist */,
				27D7FC0126EFA64900360ADB /* Assets.xcassets */,
				27D7FC0326EFA64900360ADB /* LaunchScreen.storyboard */,
				1E90EBB3897ACEE2DD953E93 /* Root */,
				1E90E4B9C17969B6583EC13A /* Aux Protocols */,
				1E90EFCBF250C2FB5ABEA161 /* App */,
				1E90ED0DEB2102717A4713AC /* Shows */,
				1E90E558E0939FDBDD805276 /* UITableView+Extensions.swift */,
				1E90E7FAF792CA7B2365C665 /* NavigationController.swift */,
				1E90E122A8CE54F04689913D /* Show */,
			);
			path = ScreenLifeMaze;
			sourceTree = "<group>";
		};
		27D7FC0E26EFA64900360ADB /* ScreenLifeMazeTests */ = {
			isa = PBXGroup;
			children = (
				27D7FC0F26EFA64900360ADB /* ScreenLifeMazeTests.swift */,
				27D7FC1126EFA64900360ADB /* Info.plist */,
			);
			path = ScreenLifeMazeTests;
			sourceTree = "<group>";
		};
		27D7FC1926EFA64900360ADB /* ScreenLifeMazeUITests */ = {
			isa = PBXGroup;
			children = (
				27D7FC1A26EFA64900360ADB /* ScreenLifeMazeUITests.swift */,
				27D7FC1C26EFA64900360ADB /* Info.plist */,
			);
			path = ScreenLifeMazeUITests;
			sourceTree = "<group>";
		};
/* End PBXGroup section */

/* Begin PBXNativeTarget section */
		27D7FBF426EFA64900360ADB /* ScreenLifeMaze */ = {
			isa = PBXNativeTarget;
			buildConfigurationList = 27D7FC1F26EFA64900360ADB /* Build configuration list for PBXNativeTarget "ScreenLifeMaze" */;
			buildPhases = (
				27D7FBF126EFA64900360ADB /* Sources */,
				27D7FBF226EFA64900360ADB /* Frameworks */,
				27D7FBF326EFA64900360ADB /* Resources */,
			);
			buildRules = (
			);
			dependencies = (
			);
			name = ScreenLifeMaze;
			packageProductDependencies = (
				2705B6D626F240BA00E65A77 /* Kingfisher */,
			);
			productName = ScreenLifeMaze;
			productReference = 27D7FBF526EFA64900360ADB /* ScreenLifeMaze.app */;
			productType = "com.apple.product-type.application";
		};
		27D7FC0A26EFA64900360ADB /* ScreenLifeMazeTests */ = {
			isa = PBXNativeTarget;
			buildConfigurationList = 27D7FC2226EFA64900360ADB /* Build configuration list for PBXNativeTarget "ScreenLifeMazeTests" */;
			buildPhases = (
				27D7FC0726EFA64900360ADB /* Sources */,
				27D7FC0826EFA64900360ADB /* Frameworks */,
				27D7FC0926EFA64900360ADB /* Resources */,
			);
			buildRules = (
			);
			dependencies = (
				27D7FC0D26EFA64900360ADB /* PBXTargetDependency */,
			);
			name = ScreenLifeMazeTests;
			productName = ScreenLifeMazeTests;
			productReference = 27D7FC0B26EFA64900360ADB /* ScreenLifeMazeTests.xctest */;
			productType = "com.apple.product-type.bundle.unit-test";
		};
		27D7FC1526EFA64900360ADB /* ScreenLifeMazeUITests */ = {
			isa = PBXNativeTarget;
			buildConfigurationList = 27D7FC2526EFA64900360ADB /* Build configuration list for PBXNativeTarget "ScreenLifeMazeUITests" */;
			buildPhases = (
				27D7FC1226EFA64900360ADB /* Sources */,
				27D7FC1326EFA64900360ADB /* Frameworks */,
				27D7FC1426EFA64900360ADB /* Resources */,
			);
			buildRules = (
			);
			dependencies = (
				27D7FC1826EFA64900360ADB /* PBXTargetDependency */,
			);
			name = ScreenLifeMazeUITests;
			productName = ScreenLifeMazeUITests;
			productReference = 27D7FC1626EFA64900360ADB /* ScreenLifeMazeUITests.xctest */;
			productType = "com.apple.product-type.bundle.ui-testing";
		};
/* End PBXNativeTarget section */

/* Begin PBXProject section */
		27D7FBED26EFA64900360ADB /* Project object */ = {
			isa = PBXProject;
			attributes = {
				LastSwiftUpdateCheck = 1250;
				LastUpgradeCheck = 1250;
				TargetAttributes = {
					27D7FBF426EFA64900360ADB = {
						CreatedOnToolsVersion = 12.5.1;
					};
					27D7FC0A26EFA64900360ADB = {
						CreatedOnToolsVersion = 12.5.1;
						TestTargetID = 27D7FBF426EFA64900360ADB;
					};
					27D7FC1526EFA64900360ADB = {
						CreatedOnToolsVersion = 12.5.1;
						TestTargetID = 27D7FBF426EFA64900360ADB;
					};
				};
			};
			buildConfigurationList = 27D7FBF026EFA64900360ADB /* Build configuration list for PBXProject "ScreenLifeMaze" */;
			compatibilityVersion = "Xcode 9.3";
			developmentRegion = en;
			hasScannedForEncodings = 0;
			knownRegions = (
				en,
				Base,
			);
			mainGroup = 27D7FBEC26EFA64900360ADB;
			packageReferences = (
				275E797A26F23BEA00EA45E2 /* XCRemoteSwiftPackageReference "Kingfisher" */,
			);
			productRefGroup = 27D7FBF626EFA64900360ADB /* Products */;
			projectDirPath = "";
			projectRoot = "";
			targets = (
				27D7FBF426EFA64900360ADB /* ScreenLifeMaze */,
				27D7FC0A26EFA64900360ADB /* ScreenLifeMazeTests */,
				27D7FC1526EFA64900360ADB /* ScreenLifeMazeUITests */,
			);
		};
/* End PBXProject section */

/* Begin PBXResourcesBuildPhase section */
		27D7FBF326EFA64900360ADB /* Resources */ = {
			isa = PBXResourcesBuildPhase;
			buildActionMask = 2147483647;
			files = (
				27D7FC0526EFA64900360ADB /* LaunchScreen.storyboard in Resources */,
				27D7FC0226EFA64900360ADB /* Assets.xcassets in Resources */,
			);
			runOnlyForDeploymentPostprocessing = 0;
		};
		27D7FC0926EFA64900360ADB /* Resources */ = {
			isa = PBXResourcesBuildPhase;
			buildActionMask = 2147483647;
			files = (
			);
			runOnlyForDeploymentPostprocessing = 0;
		};
		27D7FC1426EFA64900360ADB /* Resources */ = {
			isa = PBXResourcesBuildPhase;
			buildActionMask = 2147483647;
			files = (
			);
			runOnlyForDeploymentPostprocessing = 0;
		};
/* End PBXResourcesBuildPhase section */

/* Begin PBXSourcesBuildPhase section */
		27D7FBF126EFA64900360ADB /* Sources */ = {
			isa = PBXSourcesBuildPhase;
			buildActionMask = 2147483647;
			files = (
				1E90EE85ACE8CAFF6E686BC1 /* RootCoordinator.swift in Sources */,
				1E90EF7A08688B033AEEEAF0 /* RootViewController.swift in Sources */,
				1E90E838DCDFD8DF6C258309 /* UITabsEmbedder.swift in Sources */,
				1E90E280043072AE1F4E5E3D /* Window.swift in Sources */,
				1E90E66AA049F6803913DD72 /* View.swift in Sources */,
				1E90E1F769F637EA1702781B /* Embeddable.swift in Sources */,
				1E90EF0418035F3B78A81397 /* AppDelegate.swift in Sources */,
				1E90EA7AF13C1F2F74723EE6 /* SceneDelegate.swift in Sources */,
				1E90ED4DAAA231D70F0B19F3 /* ShowsCoordinator.swift in Sources */,
				1E90E24A43C1CC1DFB05F424 /* ShowsViewController.swift in Sources */,
				1E90E521D4414FCA5941AA8F /* NetworkSession.swift in Sources */,
				1E90EA2FBB529ACF387C24DF /* ShowsInteractor.swift in Sources */,
				1E90E56B582E58E481AC3ADD /* ShowsState.swift in Sources */,
				1E90ED0AB75BB1C01AB2CA5A /* ShowsViewModel.swift in Sources */,
				1E90EB08FF48142C56534C99 /* ReusableView.swift in Sources */,
				1E90EEA8DE3111E60A16EF4F /* UITableView+Extensions.swift in Sources */,
				1E90EE78EEB36C97610A5E65 /* Session.swift in Sources */,
				1E90E3AB72E683FD9B13EBAD /* ShowsProvider.swift in Sources */,
				1E90E9C51A3F871B92013D91 /* ShowsDownloader.swift in Sources */,
				1E90E8610FA05034928A144B /* Show+Index.swift in Sources */,
				1E90EB820EA3D244F0A1BFD2 /* NavigationController.swift in Sources */,
				1E90E1EABE0344D130148BD1 /* ShowsSearchCoordinator.swift in Sources */,
				1E90E4918CC4849AA1A70D35 /* ShowsSearchViewController.swift in Sources */,
				1E90E7D24D1C3270FC2BCAB4 /* ShowsSearchState.swift in Sources */,
				1E90EFC2178C8E15F798E7ED /* ShowsSearchViewModel.swift in Sources */,
				1E90E8FE9B920683319A4D5D /* ShowsSearchInteractor.swift in Sources */,
				1E90E62D9459AEA53497D5F7 /* Show+SearchResult.swift in Sources */,
				1E90E3FDE20AAAF5A6B7AB65 /* ShowsContaining.swift in Sources */,
				1E90EC26781BE30D4FEDA904 /* ShowsTableViewDataSource.swift in Sources */,
				1E90E08AC17E1F505978F41B /* ShowsListCell.swift in Sources */,
				1E90E1B8624EC42089BCE5AD /* ShowDetailsCoordinator.swift in Sources */,
				1E90E32BAE8FFC319D2C58DA /* ShowDetailsViewController.swift in Sources */,
				1E90EA0633B5C0BD790C3CC2 /* Navigable.swift in Sources */,
				1E90E5A71CC0C352967C8680 /* ShowDetailsState.swift in Sources */,
				1E90E8AC44D8853B132DB53C /* ShowDetailsViewModel.swift in Sources */,
				1E90EDAE49B7C06069531041 /* ShowDetailsInteractor.swift in Sources */,
				1E90E770B41744EBA3F56412 /* ShowDetailsDownloader.swift in Sources */,
				1E90E28913F851AE396FFA92 /* Show.swift in Sources */,
				1E90E4FF962E5D350D7D962E /* Episode.swift in Sources */,
				1E90E7B699C4AAB3AC7D43D5 /* ShowCoverView.swift in Sources */,
				1E90EF0EB13E94846F89B7E2 /* ShowEpisodesDataSource.swift in Sources */,
			);
			runOnlyForDeploymentPostprocessing = 0;
		};
		27D7FC0726EFA64900360ADB /* Sources */ = {
			isa = PBXSourcesBuildPhase;
			buildActionMask = 2147483647;
			files = (
				27D7FC1026EFA64900360ADB /* ScreenLifeMazeTests.swift in Sources */,
			);
			runOnlyForDeploymentPostprocessing = 0;
		};
		27D7FC1226EFA64900360ADB /* Sources */ = {
			isa = PBXSourcesBuildPhase;
			buildActionMask = 2147483647;
			files = (
				27D7FC1B26EFA64900360ADB /* ScreenLifeMazeUITests.swift in Sources */,
			);
			runOnlyForDeploymentPostprocessing = 0;
		};
/* End PBXSourcesBuildPhase section */

/* Begin PBXTargetDependency section */
		27D7FC0D26EFA64900360ADB /* PBXTargetDependency */ = {
			isa = PBXTargetDependency;
			target = 27D7FBF426EFA64900360ADB /* ScreenLifeMaze */;
			targetProxy = 27D7FC0C26EFA64900360ADB /* PBXContainerItemProxy */;
		};
		27D7FC1826EFA64900360ADB /* PBXTargetDependency */ = {
			isa = PBXTargetDependency;
			target = 27D7FBF426EFA64900360ADB /* ScreenLifeMaze */;
			targetProxy = 27D7FC1726EFA64900360ADB /* PBXContainerItemProxy */;
		};
/* End PBXTargetDependency section */

/* Begin PBXVariantGroup section */
		27D7FC0326EFA64900360ADB /* LaunchScreen.storyboard */ = {
			isa = PBXVariantGroup;
			children = (
				27D7FC0426EFA64900360ADB /* Base */,
			);
			name = LaunchScreen.storyboard;
			sourceTree = "<group>";
		};
/* End PBXVariantGroup section */

/* Begin XCBuildConfiguration section */
		27D7FC1D26EFA64900360ADB /* Debug */ = {
			isa = XCBuildConfiguration;
			buildSettings = {
				ALWAYS_SEARCH_USER_PATHS = NO;
				CLANG_ANALYZER_NONNULL = YES;
				CLANG_ANALYZER_NUMBER_OBJECT_CONVERSION = YES_AGGRESSIVE;
				CLANG_CXX_LANGUAGE_STANDARD = "gnu++14";
				CLANG_CXX_LIBRARY = "libc++";
				CLANG_ENABLE_MODULES = YES;
				CLANG_ENABLE_OBJC_ARC = YES;
				CLANG_ENABLE_OBJC_WEAK = YES;
				CLANG_WARN_BLOCK_CAPTURE_AUTORELEASING = YES;
				CLANG_WARN_BOOL_CONVERSION = YES;
				CLANG_WARN_COMMA = YES;
				CLANG_WARN_CONSTANT_CONVERSION = YES;
				CLANG_WARN_DEPRECATED_OBJC_IMPLEMENTATIONS = YES;
				CLANG_WARN_DIRECT_OBJC_ISA_USAGE = YES_ERROR;
				CLANG_WARN_DOCUMENTATION_COMMENTS = YES;
				CLANG_WARN_EMPTY_BODY = YES;
				CLANG_WARN_ENUM_CONVERSION = YES;
				CLANG_WARN_INFINITE_RECURSION = YES;
				CLANG_WARN_INT_CONVERSION = YES;
				CLANG_WARN_NON_LITERAL_NULL_CONVERSION = YES;
				CLANG_WARN_OBJC_IMPLICIT_RETAIN_SELF = YES;
				CLANG_WARN_OBJC_LITERAL_CONVERSION = YES;
				CLANG_WARN_OBJC_ROOT_CLASS = YES_ERROR;
				CLANG_WARN_QUOTED_INCLUDE_IN_FRAMEWORK_HEADER = YES;
				CLANG_WARN_RANGE_LOOP_ANALYSIS = YES;
				CLANG_WARN_STRICT_PROTOTYPES = YES;
				CLANG_WARN_SUSPICIOUS_MOVE = YES;
				CLANG_WARN_UNGUARDED_AVAILABILITY = YES_AGGRESSIVE;
				CLANG_WARN_UNREACHABLE_CODE = YES;
				CLANG_WARN__DUPLICATE_METHOD_MATCH = YES;
				COPY_PHASE_STRIP = NO;
				DEBUG_INFORMATION_FORMAT = dwarf;
				ENABLE_STRICT_OBJC_MSGSEND = YES;
				ENABLE_TESTABILITY = YES;
				GCC_C_LANGUAGE_STANDARD = gnu11;
				GCC_DYNAMIC_NO_PIC = NO;
				GCC_NO_COMMON_BLOCKS = YES;
				GCC_OPTIMIZATION_LEVEL = 0;
				GCC_PREPROCESSOR_DEFINITIONS = (
					"DEBUG=1",
					"$(inherited)",
				);
				GCC_WARN_64_TO_32_BIT_CONVERSION = YES;
				GCC_WARN_ABOUT_RETURN_TYPE = YES_ERROR;
				GCC_WARN_UNDECLARED_SELECTOR = YES;
				GCC_WARN_UNINITIALIZED_AUTOS = YES_AGGRESSIVE;
				GCC_WARN_UNUSED_FUNCTION = YES;
				GCC_WARN_UNUSED_VARIABLE = YES;
				IPHONEOS_DEPLOYMENT_TARGET = 14.5;
				MTL_ENABLE_DEBUG_INFO = INCLUDE_SOURCE;
				MTL_FAST_MATH = YES;
				ONLY_ACTIVE_ARCH = YES;
				SDKROOT = iphoneos;
				SWIFT_ACTIVE_COMPILATION_CONDITIONS = DEBUG;
				SWIFT_OPTIMIZATION_LEVEL = "-Onone";
			};
			name = Debug;
		};
		27D7FC1E26EFA64900360ADB /* Release */ = {
			isa = XCBuildConfiguration;
			buildSettings = {
				ALWAYS_SEARCH_USER_PATHS = NO;
				CLANG_ANALYZER_NONNULL = YES;
				CLANG_ANALYZER_NUMBER_OBJECT_CONVERSION = YES_AGGRESSIVE;
				CLANG_CXX_LANGUAGE_STANDARD = "gnu++14";
				CLANG_CXX_LIBRARY = "libc++";
				CLANG_ENABLE_MODULES = YES;
				CLANG_ENABLE_OBJC_ARC = YES;
				CLANG_ENABLE_OBJC_WEAK = YES;
				CLANG_WARN_BLOCK_CAPTURE_AUTORELEASING = YES;
				CLANG_WARN_BOOL_CONVERSION = YES;
				CLANG_WARN_COMMA = YES;
				CLANG_WARN_CONSTANT_CONVERSION = YES;
				CLANG_WARN_DEPRECATED_OBJC_IMPLEMENTATIONS = YES;
				CLANG_WARN_DIRECT_OBJC_ISA_USAGE = YES_ERROR;
				CLANG_WARN_DOCUMENTATION_COMMENTS = YES;
				CLANG_WARN_EMPTY_BODY = YES;
				CLANG_WARN_ENUM_CONVERSION = YES;
				CLANG_WARN_INFINITE_RECURSION = YES;
				CLANG_WARN_INT_CONVERSION = YES;
				CLANG_WARN_NON_LITERAL_NULL_CONVERSION = YES;
				CLANG_WARN_OBJC_IMPLICIT_RETAIN_SELF = YES;
				CLANG_WARN_OBJC_LITERAL_CONVERSION = YES;
				CLANG_WARN_OBJC_ROOT_CLASS = YES_ERROR;
				CLANG_WARN_QUOTED_INCLUDE_IN_FRAMEWORK_HEADER = YES;
				CLANG_WARN_RANGE_LOOP_ANALYSIS = YES;
				CLANG_WARN_STRICT_PROTOTYPES = YES;
				CLANG_WARN_SUSPICIOUS_MOVE = YES;
				CLANG_WARN_UNGUARDED_AVAILABILITY = YES_AGGRESSIVE;
				CLANG_WARN_UNREACHABLE_CODE = YES;
				CLANG_WARN__DUPLICATE_METHOD_MATCH = YES;
				COPY_PHASE_STRIP = NO;
				DEBUG_INFORMATION_FORMAT = "dwarf-with-dsym";
				ENABLE_NS_ASSERTIONS = NO;
				ENABLE_STRICT_OBJC_MSGSEND = YES;
				GCC_C_LANGUAGE_STANDARD = gnu11;
				GCC_NO_COMMON_BLOCKS = YES;
				GCC_WARN_64_TO_32_BIT_CONVERSION = YES;
				GCC_WARN_ABOUT_RETURN_TYPE = YES_ERROR;
				GCC_WARN_UNDECLARED_SELECTOR = YES;
				GCC_WARN_UNINITIALIZED_AUTOS = YES_AGGRESSIVE;
				GCC_WARN_UNUSED_FUNCTION = YES;
				GCC_WARN_UNUSED_VARIABLE = YES;
				IPHONEOS_DEPLOYMENT_TARGET = 14.5;
				MTL_ENABLE_DEBUG_INFO = NO;
				MTL_FAST_MATH = YES;
				SDKROOT = iphoneos;
				SWIFT_COMPILATION_MODE = wholemodule;
				SWIFT_OPTIMIZATION_LEVEL = "-O";
				VALIDATE_PRODUCT = YES;
			};
			name = Release;
		};
		27D7FC2026EFA64900360ADB /* Debug */ = {
			isa = XCBuildConfiguration;
			buildSettings = {
				ASSETCATALOG_COMPILER_APPICON_NAME = AppIcon;
				ASSETCATALOG_COMPILER_GLOBAL_ACCENT_COLOR_NAME = AccentColor;
				CODE_SIGN_STYLE = Automatic;
				INFOPLIST_FILE = ScreenLifeMaze/Info.plist;
				LD_RUNPATH_SEARCH_PATHS = (
					"$(inherited)",
					"@executable_path/Frameworks",
				);
				PRODUCT_BUNDLE_IDENTIFIER = com.backwardsthought.ScreenLifeMaze;
				PRODUCT_NAME = "$(TARGET_NAME)";
				SWIFT_VERSION = 5.0;
				TARGETED_DEVICE_FAMILY = "1,2";
			};
			name = Debug;
		};
		27D7FC2126EFA64900360ADB /* Release */ = {
			isa = XCBuildConfiguration;
			buildSettings = {
				ASSETCATALOG_COMPILER_APPICON_NAME = AppIcon;
				ASSETCATALOG_COMPILER_GLOBAL_ACCENT_COLOR_NAME = AccentColor;
				CODE_SIGN_STYLE = Automatic;
				INFOPLIST_FILE = ScreenLifeMaze/Info.plist;
				LD_RUNPATH_SEARCH_PATHS = (
					"$(inherited)",
					"@executable_path/Frameworks",
				);
				PRODUCT_BUNDLE_IDENTIFIER = com.backwardsthought.ScreenLifeMaze;
				PRODUCT_NAME = "$(TARGET_NAME)";
				SWIFT_VERSION = 5.0;
				TARGETED_DEVICE_FAMILY = "1,2";
			};
			name = Release;
		};
		27D7FC2326EFA64900360ADB /* Debug */ = {
			isa = XCBuildConfiguration;
			buildSettings = {
				ALWAYS_EMBED_SWIFT_STANDARD_LIBRARIES = YES;
				BUNDLE_LOADER = "$(TEST_HOST)";
				CODE_SIGN_STYLE = Automatic;
				INFOPLIST_FILE = ScreenLifeMazeTests/Info.plist;
				IPHONEOS_DEPLOYMENT_TARGET = 14.5;
				LD_RUNPATH_SEARCH_PATHS = (
					"$(inherited)",
					"@executable_path/Frameworks",
					"@loader_path/Frameworks",
				);
				PRODUCT_BUNDLE_IDENTIFIER = com.backwardsthought.ScreenLifeMazeTests;
				PRODUCT_NAME = "$(TARGET_NAME)";
				SWIFT_VERSION = 5.0;
				TARGETED_DEVICE_FAMILY = "1,2";
				TEST_HOST = "$(BUILT_PRODUCTS_DIR)/ScreenLifeMaze.app/ScreenLifeMaze";
			};
			name = Debug;
		};
		27D7FC2426EFA64900360ADB /* Release */ = {
			isa = XCBuildConfiguration;
			buildSettings = {
				ALWAYS_EMBED_SWIFT_STANDARD_LIBRARIES = YES;
				BUNDLE_LOADER = "$(TEST_HOST)";
				CODE_SIGN_STYLE = Automatic;
				INFOPLIST_FILE = ScreenLifeMazeTests/Info.plist;
				IPHONEOS_DEPLOYMENT_TARGET = 14.5;
				LD_RUNPATH_SEARCH_PATHS = (
					"$(inherited)",
					"@executable_path/Frameworks",
					"@loader_path/Frameworks",
				);
				PRODUCT_BUNDLE_IDENTIFIER = com.backwardsthought.ScreenLifeMazeTests;
				PRODUCT_NAME = "$(TARGET_NAME)";
				SWIFT_VERSION = 5.0;
				TARGETED_DEVICE_FAMILY = "1,2";
				TEST_HOST = "$(BUILT_PRODUCTS_DIR)/ScreenLifeMaze.app/ScreenLifeMaze";
			};
			name = Release;
		};
		27D7FC2626EFA64900360ADB /* Debug */ = {
			isa = XCBuildConfiguration;
			buildSettings = {
				ALWAYS_EMBED_SWIFT_STANDARD_LIBRARIES = YES;
				CODE_SIGN_STYLE = Automatic;
				INFOPLIST_FILE = ScreenLifeMazeUITests/Info.plist;
				LD_RUNPATH_SEARCH_PATHS = (
					"$(inherited)",
					"@executable_path/Frameworks",
					"@loader_path/Frameworks",
				);
				PRODUCT_BUNDLE_IDENTIFIER = com.backwardsthought.ScreenLifeMazeUITests;
				PRODUCT_NAME = "$(TARGET_NAME)";
				SWIFT_VERSION = 5.0;
				TARGETED_DEVICE_FAMILY = "1,2";
				TEST_TARGET_NAME = ScreenLifeMaze;
			};
			name = Debug;
		};
		27D7FC2726EFA64900360ADB /* Release */ = {
			isa = XCBuildConfiguration;
			buildSettings = {
				ALWAYS_EMBED_SWIFT_STANDARD_LIBRARIES = YES;
				CODE_SIGN_STYLE = Automatic;
				INFOPLIST_FILE = ScreenLifeMazeUITests/Info.plist;
				LD_RUNPATH_SEARCH_PATHS = (
					"$(inherited)",
					"@executable_path/Frameworks",
					"@loader_path/Frameworks",
				);
				PRODUCT_BUNDLE_IDENTIFIER = com.backwardsthought.ScreenLifeMazeUITests;
				PRODUCT_NAME = "$(TARGET_NAME)";
				SWIFT_VERSION = 5.0;
				TARGETED_DEVICE_FAMILY = "1,2";
				TEST_TARGET_NAME = ScreenLifeMaze;
			};
			name = Release;
		};
/* End XCBuildConfiguration section */

/* Begin XCConfigurationList section */
		27D7FBF026EFA64900360ADB /* Build configuration list for PBXProject "ScreenLifeMaze" */ = {
			isa = XCConfigurationList;
			buildConfigurations = (
				27D7FC1D26EFA64900360ADB /* Debug */,
				27D7FC1E26EFA64900360ADB /* Release */,
			);
			defaultConfigurationIsVisible = 0;
			defaultConfigurationName = Release;
		};
		27D7FC1F26EFA64900360ADB /* Build configuration list for PBXNativeTarget "ScreenLifeMaze" */ = {
			isa = XCConfigurationList;
			buildConfigurations = (
				27D7FC2026EFA64900360ADB /* Debug */,
				27D7FC2126EFA64900360ADB /* Release */,
			);
			defaultConfigurationIsVisible = 0;
			defaultConfigurationName = Release;
		};
		27D7FC2226EFA64900360ADB /* Build configuration list for PBXNativeTarget "ScreenLifeMazeTests" */ = {
			isa = XCConfigurationList;
			buildConfigurations = (
				27D7FC2326EFA64900360ADB /* Debug */,
				27D7FC2426EFA64900360ADB /* Release */,
			);
			defaultConfigurationIsVisible = 0;
			defaultConfigurationName = Release;
		};
		27D7FC2526EFA64900360ADB /* Build configuration list for PBXNativeTarget "ScreenLifeMazeUITests" */ = {
			isa = XCConfigurationList;
			buildConfigurations = (
				27D7FC2626EFA64900360ADB /* Debug */,
				27D7FC2726EFA64900360ADB /* Release */,
			);
			defaultConfigurationIsVisible = 0;
			defaultConfigurationName = Release;
		};
/* End XCConfigurationList section */

/* Begin XCRemoteSwiftPackageReference section */
		275E797A26F23BEA00EA45E2 /* XCRemoteSwiftPackageReference "Kingfisher" */ = {
			isa = XCRemoteSwiftPackageReference;
			repositoryURL = "https://github.com/onevcat/Kingfisher";
			requirement = {
				kind = versionRange;
				maximumVersion = 7.0.0;
				minimumVersion = 6.0.0;
			};
		};
/* End XCRemoteSwiftPackageReference section */

/* Begin XCSwiftPackageProductDependency section */
		2705B6D626F240BA00E65A77 /* Kingfisher */ = {
			isa = XCSwiftPackageProductDependency;
			package = 275E797A26F23BEA00EA45E2 /* XCRemoteSwiftPackageReference "Kingfisher" */;
			productName = Kingfisher;
		};
/* End XCSwiftPackageProductDependency section */
	};
	rootObject = 27D7FBED26EFA64900360ADB /* Project object */;
}
